
Microsoft Visual Studio Solution File, Format Version 12.00
# Visual Studio Version 17
VisualStudioVersion = 17.7.34024.191
MinimumVisualStudioVersion = 10.0.40219.1
Project("{8BC9CEB8-8B4A-11D0-8D11-00A0C91BC942}") = "RAID-benchmark", "RAID-benchmark\RAID-benchmark.vcxproj", "{BEBDB58F-A497-4568-8021-62278A1B4F82}"
EndProject
Global
	GlobalSection(SolutionConfigurationPlatforms) = preSolution
		Debug|x64 = Debug|x64
		Debug|x86 = Debug|x86
		Release|x64 = Release|x64
		Release|x86 = Release|x86
	EndGlobalSection
	GlobalSection(ProjectConfigurationPlatforms) = postSolution
		{BEBDB58F-A497-4568-8021-62278A1B4F82}.Debug|x64.ActiveCfg = Debug|x64
		{BEBDB58F-A497-4568-8021-62278A1B4F82}.Debug|x64.Build.0 = Debug|x64
		{BEBDB58F-A497-4568-8021-62278A1B4F82}.Debug|x86.ActiveCfg = Debug|Win32
		{BEBDB58F-A497-4568-8021-62278A1B4F82}.Debug|x86.Build.0 = Debug|Win32
		{BEBDB58F-A497-4568-8021-62278A1B4F82}.Release|x64.ActiveCfg = Release|x64
		{BEBDB58F-A497-4568-8021-62278A1B4F82}.Release|x64.Build.0 = Release|x64
		{BEBDB58F-A497-4568-8021-62278A1B4F82}.Release|x86.ActiveCfg = Release|Win32
		{BEBDB58F-A497-4568-8021-62278A1B4F82}.Release|x86.Build.0 = Release|Win32
	EndGlobalSection
	GlobalSection(SolutionProperties) = preSolution
		HideSolutionNode = FALSE
	EndGlobalSection
	GlobalSection(ExtensibilityGlobals) = postSolution
		SolutionGuid = {43121FA2-CAE7-4505-ADE0-028AFB401E6C}
	EndGlobalSection
EndGlobal
